
Microsoft Visual Studio Solution File, Format Version 12.00
# Visual Studio 15
VisualStudioVersion = 15.0.28307.421
MinimumVisualStudioVersion = 10.0.40219.1
Project("{FAE04EC0-301F-11D3-BF4B-00C04F79EFBC}") = "UWPDemo", "UWPDemo\UWPDemo.csproj", "{958D271C-BF84-4924-8B57-FD870E3B0B86}"
EndProject
Global
	GlobalSection(SolutionConfigurationPlatforms) = preSolution
		Debug|ARM = Debug|ARM
		Debug|ARM64 = Debug|ARM64
		Debug|x64 = Debug|x64
		Debug|x86 = Debug|x86
		Release|ARM = Release|ARM
		Release|ARM64 = Release|ARM64
		Release|x64 = Release|x64
		Release|x86 = Release|x86
	EndGlobalSection
	GlobalSection(ProjectConfigurationPlatforms) = postSolution
		{958D271C-BF84-4924-8B57-FD870E3B0B86}.Debug|ARM.ActiveCfg = Debug|ARM
		{958D271C-BF84-4924-8B57-FD870E3B0B86}.Debug|ARM.Build.0 = Debug|ARM
		{958D271C-BF84-4924-8B57-FD870E3B0B86}.Debug|ARM.Deploy.0 = Debug|ARM
		{958D271C-BF84-4924-8B57-FD870E3B0B86}.Debug|ARM64.ActiveCfg = Debug|ARM64
		{958D271C-BF84-4924-8B57-FD870E3B0B86}.Debug|ARM64.Build.0 = Debug|ARM64
		{958D271C-BF84-4924-8B57-FD870E3B0B86}.Debug|ARM64.Deploy.0 = Debug|ARM64
		{958D271C-BF84-4924-8B57-FD870E3B0B86}.Debug|x64.ActiveCfg = Debug|x64
		{958D271C-BF84-4924-8B57-FD870E3B0B86}.Debug|x64.Build.0 = Debug|x64
		{958D271C-BF84-4924-8B57-FD870E3B0B86}.Debug|x64.Deploy.0 = Debug|x64
		{958D271C-BF84-4924-8B57-FD870E3B0B86}.Debug|x86.ActiveCfg = Debug|x86
		{958D271C-BF84-4924-8B57-FD870E3B0B86}.Debug|x86.Build.0 = Debug|x86
		{958D271C-BF84-4924-8B57-FD870E3B0B86}.Debug|x86.Deploy.0 = Debug|x86
		{958D271C-BF84-4924-8B57-FD870E3B0B86}.Release|ARM.ActiveCfg = Release|ARM
		{958D271C-BF84-4924-8B57-FD870E3B0B86}.Release|ARM.Build.0 = Release|ARM
		{958D271C-BF84-4924-8B57-FD870E3B0B86}.Release|ARM.Deploy.0 = Release|ARM
		{958D271C-BF84-4924-8B57-FD870E3B0B86}.Release|ARM64.ActiveCfg = Release|ARM64
		{958D271C-BF84-4924-8B57-FD870E3B0B86}.Release|ARM64.Build.0 = Release|ARM64
		{958D271C-BF84-4924-8B57-FD870E3B0B86}.Release|ARM64.Deploy.0 = Release|ARM64
		{958D271C-BF84-4924-8B57-FD870E3B0B86}.Release|x64.ActiveCfg = Release|x64
		{958D271C-BF84-4924-8B57-FD870E3B0B86}.Release|x64.Build.0 = Release|x64
		{958D271C-BF84-4924-8B57-FD870E3B0B86}.Release|x64.Deploy.0 = Release|x64
		{958D271C-BF84-4924-8B57-FD870E3B0B86}.Release|x86.ActiveCfg = Release|x86
		{958D271C-BF84-4924-8B57-FD870E3B0B86}.Release|x86.Build.0 = Release|x86
		{958D271C-BF84-4924-8B57-FD870E3B0B86}.Release|x86.Deploy.0 = Release|x86
	EndGlobalSection
	GlobalSection(SolutionProperties) = preSolution
		HideSolutionNode = FALSE
	EndGlobalSection
	GlobalSection(ExtensibilityGlobals) = postSolution
		SolutionGuid = {E613E9BE-85A2-49AF-8C7E-42B160D46866}
	EndGlobalSection
EndGlobal
